// !$*UTF8*$!
{
	archiveVersion = 1;
	classes = {
	};
	objectVersion = 50;
	objects = {

/* Begin PBXBuildFile section */
		9808045120EE7131005DAC43 /* HelpingActions.swift in Sources */ = {isa = PBXBuildFile; fileRef = 9808045020EE7131005DAC43 /* HelpingActions.swift */; };
		9822EB9C20EBB6CC0094ED05 /* AddingViewController.swift in Sources */ = {isa = PBXBuildFile; fileRef = 9822EB9B20EBB6CC0094ED05 /* AddingViewController.swift */; };
		9822EB9E20EBBBF20094ED05 /* ListTableViewController.swift in Sources */ = {isa = PBXBuildFile; fileRef = 9822EB9D20EBBBF20094ED05 /* ListTableViewController.swift */; };
		986EE30B20ECF41000D9C4F4 /* TestingViewController.swift in Sources */ = {isa = PBXBuildFile; fileRef = 986EE30A20ECF41000D9C4F4 /* TestingViewController.swift */; };
		9883A9AD20EA42A4000603C1 /* AppDelegate.swift in Sources */ = {isa = PBXBuildFile; fileRef = 9883A9AC20EA42A4000603C1 /* AppDelegate.swift */; };
		9883A9B220EA42A4000603C1 /* Main.storyboard in Resources */ = {isa = PBXBuildFile; fileRef = 9883A9B020EA42A4000603C1 /* Main.storyboard */; };
		9883A9B520EA42A4000603C1 /* Vocabulary.xcdatamodeld in Sources */ = {isa = PBXBuildFile; fileRef = 9883A9B320EA42A4000603C1 /* Vocabulary.xcdatamodeld */; };
		9883A9B720EA42A6000603C1 /* Assets.xcassets in Resources */ = {isa = PBXBuildFile; fileRef = 9883A9B620EA42A6000603C1 /* Assets.xcassets */; };
		9883A9BA20EA42A6000603C1 /* LaunchScreen.storyboard in Resources */ = {isa = PBXBuildFile; fileRef = 9883A9B820EA42A6000603C1 /* LaunchScreen.storyboard */; };
		9883A9C220EB8873000603C1 /* DBW.swift in Sources */ = {isa = PBXBuildFile; fileRef = 9883A9C120EB8873000603C1 /* DBW.swift */; };
/* End PBXBuildFile section */

/* Begin PBXFileReference section */
		9808045020EE7131005DAC43 /* HelpingActions.swift */ = {isa = PBXFileReference; lastKnownFileType = sourcecode.swift; path = HelpingActions.swift; sourceTree = "<group>"; };
		9822EB9B20EBB6CC0094ED05 /* AddingViewController.swift */ = {isa = PBXFileReference; lastKnownFileType = sourcecode.swift; path = AddingViewController.swift; sourceTree = "<group>"; };
		9822EB9D20EBBBF20094ED05 /* ListTableViewController.swift */ = {isa = PBXFileReference; lastKnownFileType = sourcecode.swift; path = ListTableViewController.swift; sourceTree = "<group>"; };
		986EE30A20ECF41000D9C4F4 /* TestingViewController.swift */ = {isa = PBXFileReference; lastKnownFileType = sourcecode.swift; path = TestingViewController.swift; sourceTree = "<group>"; };
		9883A9A920EA42A4000603C1 /* Vocabulary.app */ = {isa = PBXFileReference; explicitFileType = wrapper.application; includeInIndex = 0; path = Vocabulary.app; sourceTree = BUILT_PRODUCTS_DIR; };
		9883A9AC20EA42A4000603C1 /* AppDelegate.swift */ = {isa = PBXFileReference; lastKnownFileType = sourcecode.swift; path = AppDelegate.swift; sourceTree = "<group>"; };
		9883A9B120EA42A4000603C1 /* Base */ = {isa = PBXFileReference; lastKnownFileType = file.storyboard; name = Base; path = Base.lproj/Main.storyboard; sourceTree = "<group>"; };
		9883A9B420EA42A4000603C1 /* Vocabulary.xcdatamodel */ = {isa = PBXFileReference; lastKnownFileType = wrapper.xcdatamodel; path = Vocabulary.xcdatamodel; sourceTree = "<group>"; };
		9883A9B620EA42A6000603C1 /* Assets.xcassets */ = {isa = PBXFileReference; lastKnownFileType = folder.assetcatalog; path = Assets.xcassets; sourceTree = "<group>"; };
		9883A9B920EA42A6000603C1 /* Base */ = {isa = PBXFileReference; lastKnownFileType = file.storyboard; name = Base; path = Base.lproj/LaunchScreen.storyboard; sourceTree = "<group>"; };
		9883A9BB20EA42A6000603C1 /* Info.plist */ = {isa = PBXFileReference; lastKnownFileType = text.plist.xml; path = Info.plist; sourceTree = "<group>"; };
		9883A9C120EB8873000603C1 /* DBW.swift */ = {isa = PBXFileReference; lastKnownFileType = sourcecode.swift; path = DBW.swift; sourceTree = "<group>"; };
/* End PBXFileReference section */

/* Begin PBXFrameworksBuildPhase section */
		9883A9A620EA42A4000603C1 /* Frameworks */ = {
			isa = PBXFrameworksBuildPhase;
			buildActionMask = 2147483647;
			files = (
			);
			runOnlyForDeploymentPostprocessing = 0;
		};
/* End PBXFrameworksBuildPhase section */

/* Begin PBXGroup section */
		9883A9A020EA42A4000603C1 = {
			isa = PBXGroup;
			children = (
				9883A9AB20EA42A4000603C1 /* Vocabulary */,
				9883A9AA20EA42A4000603C1 /* Products */,
			);
			sourceTree = "<group>";
		};
		9883A9AA20EA42A4000603C1 /* Products */ = {
			isa = PBXGroup;
			children = (
				9883A9A920EA42A4000603C1 /* Vocabulary.app */,
			);
			name = Products;
			sourceTree = "<group>";
		};
		9883A9AB20EA42A4000603C1 /* Vocabulary */ = {
			isa = PBXGroup;
			children = (
				9822EB9B20EBB6CC0094ED05 /* AddingViewController.swift */,
				9883A9AC20EA42A4000603C1 /* AppDelegate.swift */,
				9883A9B020EA42A4000603C1 /* Main.storyboard */,
				9808045020EE7131005DAC43 /* HelpingActions.swift */,
				9822EB9D20EBBBF20094ED05 /* ListTableViewController.swift */,
				986EE30A20ECF41000D9C4F4 /* TestingViewController.swift */,
				9883A9C120EB8873000603C1 /* DBW.swift */,
				9883A9B620EA42A6000603C1 /* Assets.xcassets */,
				9883A9B820EA42A6000603C1 /* LaunchScreen.storyboard */,
				9883A9BB20EA42A6000603C1 /* Info.plist */,
				9883A9B320EA42A4000603C1 /* Vocabulary.xcdatamodeld */,
			);
			path = Vocabulary;
			sourceTree = "<group>";
		};
/* End PBXGroup section */

/* Begin PBXNativeTarget section */
		9883A9A820EA42A4000603C1 /* Vocabulary */ = {
			isa = PBXNativeTarget;
			buildConfigurationList = 9883A9BE20EA42A6000603C1 /* Build configuration list for PBXNativeTarget "Vocabulary" */;
			buildPhases = (
				9883A9A520EA42A4000603C1 /* Sources */,
				9883A9A620EA42A4000603C1 /* Frameworks */,
				9883A9A720EA42A4000603C1 /* Resources */,
			);
			buildRules = (
			);
			dependencies = (
			);
			name = Vocabulary;
			productName = Vocabulary;
			productReference = 9883A9A920EA42A4000603C1 /* Vocabulary.app */;
			productType = "com.apple.product-type.application";
		};
/* End PBXNativeTarget section */

/* Begin PBXProject section */
		9883A9A120EA42A4000603C1 /* Project object */ = {
			isa = PBXProject;
			attributes = {
				LastSwiftUpdateCheck = 0930;
				LastUpgradeCheck = 0930;
				ORGANIZATIONNAME = "Alexandr Kurdyukov";
				TargetAttributes = {
					9883A9A820EA42A4000603C1 = {
						CreatedOnToolsVersion = 9.3;
					};
				};
			};
			buildConfigurationList = 9883A9A420EA42A4000603C1 /* Build configuration list for PBXProject "Vocabulary" */;
			compatibilityVersion = "Xcode 9.3";
			developmentRegion = en;
			hasScannedForEncodings = 0;
			knownRegions = (
				en,
				Base,
			);
			mainGroup = 9883A9A020EA42A4000603C1;
			productRefGroup = 9883A9AA20EA42A4000603C1 /* Products */;
			projectDirPath = "";
			projectRoot = "";
			targets = (
				9883A9A820EA42A4000603C1 /* Vocabulary */,
			);
		};
/* End PBXProject section */

/* Begin PBXResourcesBuildPhase section */
		9883A9A720EA42A4000603C1 /* Resources */ = {
			isa = PBXResourcesBuildPhase;
			buildActionMask = 2147483647;
			files = (
				9883A9BA20EA42A6000603C1 /* LaunchScreen.storyboard in Resources */,
				9883A9B720EA42A6000603C1 /* Assets.xcassets in Resources */,
				9883A9B220EA42A4000603C1 /* Main.storyboard in Resources */,
			);
			runOnlyForDeploymentPostprocessing = 0;
		};
/* End PBXResourcesBuildPhase section */

/* Begin PBXSourcesBuildPhase section */
		9883A9A520EA42A4000603C1 /* Sources */ = {
			isa = PBXSourcesBuildPhase;
			buildActionMask = 2147483647;
			files = (
				9883A9C220EB8873000603C1 /* DBW.swift in Sources */,
				9883A9B520EA42A4000603C1 /* Vocabulary.xcdatamodeld in Sources */,
				9883A9AD20EA42A4000603C1 /* AppDelegate.swift in Sources */,
				986EE30B20ECF41000D9C4F4 /* TestingViewController.swift in Sources */,
				9822EB9E20EBBBF20094ED05 /* ListTableViewController.swift in Sources */,
				9822EB9C20EBB6CC0094ED05 /* AddingViewController.swift in Sources */,
				9808045120EE7131005DAC43 /* HelpingActions.swift in Sources */,
			);
			runOnlyForDeploymentPostprocessing = 0;
		};
/* End PBXSourcesBuildPhase section */

/* Begin PBXVariantGroup section */
		9883A9B020EA42A4000603C1 /* Main.storyboard */ = {
			isa = PBXVariantGroup;
			children = (
				9883A9B120EA42A4000603C1 /* Base */,
			);
			name = Main.storyboard;
			sourceTree = "<group>";
		};
		9883A9B820EA42A6000603C1 /* LaunchScreen.storyboard */ = {
			isa = PBXVariantGroup;
			children = (
				9883A9B920EA42A6000603C1 /* Base */,
			);
			name = LaunchScreen.storyboard;
			sourceTree = "<group>";
		};
/* End PBXVariantGroup section */

/* Begin XCBuildConfiguration section */
		9883A9BC20EA42A6000603C1 /* Debug */ = {
			isa = XCBuildConfiguration;
			buildSettings = {
				ALWAYS_SEARCH_USER_PATHS = NO;
				CLANG_ANALYZER_NONNULL = YES;
				CLANG_ANALYZER_NUMBER_OBJECT_CONVERSION = YES_AGGRESSIVE;
				CLANG_CXX_LANGUAGE_STANDARD = "gnu++14";
				CLANG_CXX_LIBRARY = "libc++";
				CLANG_ENABLE_MODULES = YES;
				CLANG_ENABLE_OBJC_ARC = YES;
				CLANG_ENABLE_OBJC_WEAK = YES;
				CLANG_WARN_BLOCK_CAPTURE_AUTORELEASING = YES;
				CLANG_WARN_BOOL_CONVERSION = YES;
				CLANG_WARN_COMMA = YES;
				CLANG_WARN_CONSTANT_CONVERSION = YES;
				CLANG_WARN_DEPRECATED_OBJC_IMPLEMENTATIONS = YES;
				CLANG_WARN_DIRECT_OBJC_ISA_USAGE = YES_ERROR;
				CLANG_WARN_DOCUMENTATION_COMMENTS = YES;
				CLANG_WARN_EMPTY_BODY = YES;
				CLANG_WARN_ENUM_CONVERSION = YES;
				CLANG_WARN_INFINITE_RECURSION = YES;
				CLANG_WARN_INT_CONVERSION = YES;
				CLANG_WARN_NON_LITERAL_NULL_CONVERSION = YES;
				CLANG_WARN_OBJC_IMPLICIT_RETAIN_SELF = YES;
				CLANG_WARN_OBJC_LITERAL_CONVERSION = YES;
				CLANG_WARN_OBJC_ROOT_CLASS = YES_ERROR;
				CLANG_WARN_RANGE_LOOP_ANALYSIS = YES;
				CLANG_WARN_STRICT_PROTOTYPES = YES;
				CLANG_WARN_SUSPICIOUS_MOVE = YES;
				CLANG_WARN_UNGUARDED_AVAILABILITY = YES_AGGRESSIVE;
				CLANG_WARN_UNREACHABLE_CODE = YES;
				CLANG_WARN__DUPLICATE_METHOD_MATCH = YES;
				CODE_SIGN_IDENTITY = "iPhone Developer";
				COPY_PHASE_STRIP = NO;
				DEBUG_INFORMATION_FORMAT = dwarf;
				ENABLE_STRICT_OBJC_MSGSEND = YES;
				ENABLE_TESTABILITY = YES;
				GCC_C_LANGUAGE_STANDARD = gnu11;
				GCC_DYNAMIC_NO_PIC = NO;
				GCC_NO_COMMON_BLOCKS = YES;
				GCC_OPTIMIZATION_LEVEL = 0;
				GCC_PREPROCESSOR_DEFINITIONS = (
					"DEBUG=1",
					"$(inherited)",
				);
				GCC_WARN_64_TO_32_BIT_CONVERSION = YES;
				GCC_WARN_ABOUT_RETURN_TYPE = YES_ERROR;
				GCC_WARN_UNDECLARED_SELECTOR = YES;
				GCC_WARN_UNINITIALIZED_AUTOS = YES_AGGRESSIVE;
				GCC_WARN_UNUSED_FUNCTION = YES;
				GCC_WARN_UNUSED_VARIABLE = YES;
				IPHONEOS_DEPLOYMENT_TARGET = 11.3;
				MTL_ENABLE_DEBUG_INFO = YES;
				ONLY_ACTIVE_ARCH = YES;
				SDKROOT = iphoneos;
				SWIFT_ACTIVE_COMPILATION_CONDITIONS = DEBUG;
				SWIFT_OPTIMIZATION_LEVEL = "-Onone";
			};
			name = Debug;
		};
		9883A9BD20EA42A6000603C1 /* Release */ = {
			isa = XCBuildConfiguration;
			buildSettings = {
				ALWAYS_SEARCH_USER_PATHS = NO;
				CLANG_ANALYZER_NONNULL = YES;
				CLANG_ANALYZER_NUMBER_OBJECT_CONVERSION = YES_AGGRESSIVE;
				CLANG_CXX_LANGUAGE_STANDARD = "gnu++14";
				CLANG_CXX_LIBRARY = "libc++";
				CLANG_ENABLE_MODULES = YES;
				CLANG_ENABLE_OBJC_ARC = YES;
				CLANG_ENABLE_OBJC_WEAK = YES;
				CLANG_WARN_BLOCK_CAPTURE_AUTORELEASING = YES;
				CLANG_WARN_BOOL_CONVERSION = YES;
				CLANG_WARN_COMMA = YES;
				CLANG_WARN_CONSTANT_CONVERSION = YES;
				CLANG_WARN_DEPRECATED_OBJC_IMPLEMENTATIONS = YES;
				CLANG_WARN_DIRECT_OBJC_ISA_USAGE = YES_ERROR;
				CLANG_WARN_DOCUMENTATION_COMMENTS = YES;
				CLANG_WARN_EMPTY_BODY = YES;
				CLANG_WARN_ENUM_CONVERSION = YES;
				CLANG_WARN_INFINITE_RECURSION = YES;
				CLANG_WARN_INT_CONVERSION = YES;
				CLANG_WARN_NON_LITERAL_NULL_CONVERSION = YES;
				CLANG_WARN_OBJC_IMPLICIT_RETAIN_SELF = YES;
				CLANG_WARN_OBJC_LITERAL_CONVERSION = YES;
				CLANG_WARN_OBJC_ROOT_CLASS = YES_ERROR;
				CLANG_WARN_RANGE_LOOP_ANALYSIS = YES;
				CLANG_WARN_STRICT_PROTOTYPES = YES;
				CLANG_WARN_SUSPICIOUS_MOVE = YES;
				CLANG_WARN_UNGUARDED_AVAILABILITY = YES_AGGRESSIVE;
				CLANG_WARN_UNREACHABLE_CODE = YES;
				CLANG_WARN__DUPLICATE_METHOD_MATCH = YES;
				CODE_SIGN_IDENTITY = "iPhone Developer";
				COPY_PHASE_STRIP = NO;
				DEBUG_INFORMATION_FORMAT = "dwarf-with-dsym";
				ENABLE_NS_ASSERTIONS = NO;
				ENABLE_STRICT_OBJC_MSGSEND = YES;
				GCC_C_LANGUAGE_STANDARD = gnu11;
				GCC_NO_COMMON_BLOCKS = YES;
				GCC_WARN_64_TO_32_BIT_CONVERSION = YES;
				GCC_WARN_ABOUT_RETURN_TYPE = YES_ERROR;
				GCC_WARN_UNDECLARED_SELECTOR = YES;
				GCC_WARN_UNINITIALIZED_AUTOS = YES_AGGRESSIVE;
				GCC_WARN_UNUSED_FUNCTION = YES;
				GCC_WARN_UNUSED_VARIABLE = YES;
				IPHONEOS_DEPLOYMENT_TARGET = 11.3;
				MTL_ENABLE_DEBUG_INFO = NO;
				SDKROOT = iphoneos;
				SWIFT_COMPILATION_MODE = wholemodule;
				SWIFT_OPTIMIZATION_LEVEL = "-O";
				VALIDATE_PRODUCT = YES;
			};
			name = Release;
		};
		9883A9BF20EA42A6000603C1 /* Debug */ = {
			isa = XCBuildConfiguration;
			buildSettings = {
				ASSETCATALOG_COMPILER_APPICON_NAME = AppIcon;
				CODE_SIGN_STYLE = Automatic;
				DEVELOPMENT_TEAM = UJQQSG4T4A;
				INFOPLIST_FILE = Vocabulary/Info.plist;
				IPHONEOS_DEPLOYMENT_TARGET = 10.3;
				LD_RUNPATH_SEARCH_PATHS = (
					"$(inherited)",
					"@executable_path/Frameworks",
				);
				PRODUCT_BUNDLE_IDENTIFIER = nil.Vocabulary;
				PRODUCT_NAME = "$(TARGET_NAME)";
				SWIFT_VERSION = 4.0;
				TARGETED_DEVICE_FAMILY = "1,2";
			};
			name = Debug;
		};
		9883A9C020EA42A6000603C1 /* Release */ = {
			isa = XCBuildConfiguration;
			buildSettings = {
				ASSETCATALOG_COMPILER_APPICON_NAME = AppIcon;
				CODE_SIGN_STYLE = Automatic;
				DEVELOPMENT_TEAM = UJQQSG4T4A;
				INFOPLIST_FILE = Vocabulary/Info.plist;
				IPHONEOS_DEPLOYMENT_TARGET = 10.3;
				LD_RUNPATH_SEARCH_PATHS = (
					"$(inherited)",
					"@executable_path/Frameworks",
				);
				PRODUCT_BUNDLE_IDENTIFIER = nil.Vocabulary;
				PRODUCT_NAME = "$(TARGET_NAME)";
				SWIFT_VERSION = 4.0;
				TARGETED_DEVICE_FAMILY = "1,2";
			};
			name = Release;
		};
/* End XCBuildConfiguration section */

/* Begin XCConfigurationList section */
		9883A9A420EA42A4000603C1 /* Build configuration list for PBXProject "Vocabulary" */ = {
			isa = XCConfigurationList;
			buildConfigurations = (
				9883A9BC20EA42A6000603C1 /* Debug */,
				9883A9BD20EA42A6000603C1 /* Release */,
			);
			defaultConfigurationIsVisible = 0;
			defaultConfigurationName = Release;
		};
		9883A9BE20EA42A6000603C1 /* Build configuration list for PBXNativeTarget "Vocabulary" */ = {
			isa = XCConfigurationList;
			buildConfigurations = (
				9883A9BF20EA42A6000603C1 /* Debug */,
				9883A9C020EA42A6000603C1 /* Release */,
			);
			defaultConfigurationIsVisible = 0;
			defaultConfigurationName = Release;
		};
/* End XCConfigurationList section */

/* Begin XCVersionGroup section */
		9883A9B320EA42A4000603C1 /* Vocabulary.xcdatamodeld */ = {
			isa = XCVersionGroup;
			children = (
				9883A9B420EA42A4000603C1 /* Vocabulary.xcdatamodel */,
			);
			currentVersion = 9883A9B420EA42A4000603C1 /* Vocabulary.xcdatamodel */;
			path = Vocabulary.xcdatamodeld;
			sourceTree = "<group>";
			versionGroupType = wrapper.xcdatamodel;
		};
/* End XCVersionGroup section */
	};
	rootObject = 9883A9A120EA42A4000603C1 /* Project object */;
}
